{
  "name": "client",
  "lockfileVersion": 3,
  "requires": true,
  "packages": {
    "": {
      "devDependencies": {
        "typescript": "^5.6.0-dev.20240731"
      }
    },
    "node_modules/typescript": {
      "version": "5.6.0-dev.20240731",
      "resolved": "https://registry.npmjs.org/typescript/-/typescript-5.6.0-dev.20240731.tgz",
      "integrity": "sha512-XNueWVxo4buZCEMor0GB/x7ZpzbPzowRNc42fznRinFzGipR+v+Dgelpd6cJvdkN7/TSFASN2M2jQxDeZnk95A==",
      "dev": true,
      "bin": {
        "tsc": "bin/tsc",
        "tsserver": "bin/tsserver"
      },
      "engines": {
        "node": ">=14.17"
      }
    }
  }
}
